
Microsoft Visual Studio Solution File, Format Version 12.00
# Visual Studio Version 16
VisualStudioVersion = 16.0.31205.134
MinimumVisualStudioVersion = 10.0.40219.1
Project("{FAE04EC0-301F-11D3-BF4B-00C04F79EFBC}") = "QLSinhVien", "QLSinhVien\QLSinhVien.csproj", "{103BB4B7-5043-417B-98BF-CF423B537DD2}"
EndProject
Global
	GlobalSection(SolutionConfigurationPlatforms) = preSolution
		Debug|Any CPU = Debug|Any CPU
		Release|Any CPU = Release|Any CPU
	EndGlobalSection
	GlobalSection(ProjectConfigurationPlatforms) = postSolution
		{103BB4B7-5043-417B-98BF-CF423B537DD2}.Debug|Any CPU.ActiveCfg = Debug|Any CPU
		{103BB4B7-5043-417B-98BF-CF423B537DD2}.Debug|Any CPU.Build.0 = Debug|Any CPU
		{103BB4B7-5043-417B-98BF-CF423B537DD2}.Release|Any CPU.ActiveCfg = Release|Any CPU
		{103BB4B7-5043-417B-98BF-CF423B537DD2}.Release|Any CPU.Build.0 = Release|Any CPU
	EndGlobalSection
	GlobalSection(SolutionProperties) = preSolution
		HideSolutionNode = FALSE
	EndGlobalSection
	GlobalSection(ExtensibilityGlobals) = postSolution
		SolutionGuid = {6C8B4C79-A537-4FCF-93DD-1BC4CA20B582}
	EndGlobalSection
EndGlobal
